
Microsoft Visual Studio Solution File, Format Version 12.00
# Visual Studio 15
Project("{FAE04EC0-301F-11D3-BF4B-00C04F79EFBC}") = "DocScan", "DocScan\DocScan.csproj", "{EA29F22D-3F81-435C-B9F4-30B1FCE084C4}"
EndProject
Global
	GlobalSection(SolutionConfigurationPlatforms) = preSolution
		Debug|iPhoneSimulator = Debug|iPhoneSimulator
		Release|iPhone = Release|iPhone
		Release|iPhoneSimulator = Release|iPhoneSimulator
		Debug|iPhone = Debug|iPhone
	EndGlobalSection
	GlobalSection(ProjectConfigurationPlatforms) = postSolution
		{EA29F22D-3F81-435C-B9F4-30B1FCE084C4}.Debug|iPhoneSimulator.ActiveCfg = Debug|iPhoneSimulator
		{EA29F22D-3F81-435C-B9F4-30B1FCE084C4}.Debug|iPhoneSimulator.Build.0 = Debug|iPhoneSimulator
		{EA29F22D-3F81-435C-B9F4-30B1FCE084C4}.Release|iPhone.ActiveCfg = Release|iPhone
		{EA29F22D-3F81-435C-B9F4-30B1FCE084C4}.Release|iPhone.Build.0 = Release|iPhone
		{EA29F22D-3F81-435C-B9F4-30B1FCE084C4}.Release|iPhoneSimulator.ActiveCfg = Release|iPhoneSimulator
		{EA29F22D-3F81-435C-B9F4-30B1FCE084C4}.Release|iPhoneSimulator.Build.0 = Release|iPhoneSimulator
		{EA29F22D-3F81-435C-B9F4-30B1FCE084C4}.Debug|iPhone.ActiveCfg = Debug|iPhone
		{EA29F22D-3F81-435C-B9F4-30B1FCE084C4}.Debug|iPhone.Build.0 = Debug|iPhone
	EndGlobalSection
EndGlobal
